{
  "name": "lenis",
  "version": "1.0.0",
  "lockfileVersion": 3,
  "requires": true,
  "packages": {
    "": {
      "name": "lenis",
      "version": "1.0.0",
      "license": "ISC",
      "dependencies": {
        "overlayscrollbars": "^2.10.0"
      }
    },
    "node_modules/overlayscrollbars": {
      "version": "2.10.0",
      "resolved": "https://registry.npmjs.org/overlayscrollbars/-/overlayscrollbars-2.10.0.tgz",
      "integrity": "sha512-diNMeEafWTE0A4GJfwRpdBp2rE/BEvrhptBdBcDu8/UeytWcdCy9Td8tZWnztJeJ26f8/uHCWfPnPUC/dtgJdw==",
      "license": "MIT"
    }
  }
}
